
Microsoft Visual Studio Solution File, Format Version 12.00
# Visual Studio Version 17
VisualStudioVersion = 17.9.34728.123
MinimumVisualStudioVersion = 10.0.40219.1
Project("{9A19103F-16F7-4668-BE54-9A1E7A4F7556}") = "HashProcessor.Worker", "HashProcessor.Worker\HashProcessor.Worker.csproj", "{B4229DBE-4589-4C58-A869-1C72D13D678F}"
EndProject
Project("{9A19103F-16F7-4668-BE54-9A1E7A4F7556}") = "HashProcessor.API", "HashProcessor.API\HashProcessor.API.csproj", "{94B0B982-3156-43D6-B779-2E85284EF262}"
EndProject
Project("{FAE04EC0-301F-11D3-BF4B-00C04F79EFBC}") = "HashesProcessor.API.Tests", "HashesProcessor.API.Tests\HashesProcessor.API.Tests.csproj", "{17BA2022-7B70-4655-9623-F2C3F0E3F342}"
EndProject
Global
	GlobalSection(SolutionConfigurationPlatforms) = preSolution
		Debug|Any CPU = Debug|Any CPU
		Release|Any CPU = Release|Any CPU
	EndGlobalSection
	GlobalSection(ProjectConfigurationPlatforms) = postSolution
		{B4229DBE-4589-4C58-A869-1C72D13D678F}.Debug|Any CPU.ActiveCfg = Debug|Any CPU
		{B4229DBE-4589-4C58-A869-1C72D13D678F}.Debug|Any CPU.Build.0 = Debug|Any CPU
		{B4229DBE-4589-4C58-A869-1C72D13D678F}.Release|Any CPU.ActiveCfg = Release|Any CPU
		{B4229DBE-4589-4C58-A869-1C72D13D678F}.Release|Any CPU.Build.0 = Release|Any CPU
		{94B0B982-3156-43D6-B779-2E85284EF262}.Debug|Any CPU.ActiveCfg = Debug|Any CPU
		{94B0B982-3156-43D6-B779-2E85284EF262}.Debug|Any CPU.Build.0 = Debug|Any CPU
		{94B0B982-3156-43D6-B779-2E85284EF262}.Release|Any CPU.ActiveCfg = Release|Any CPU
		{94B0B982-3156-43D6-B779-2E85284EF262}.Release|Any CPU.Build.0 = Release|Any CPU
		{17BA2022-7B70-4655-9623-F2C3F0E3F342}.Debug|Any CPU.ActiveCfg = Debug|Any CPU
		{17BA2022-7B70-4655-9623-F2C3F0E3F342}.Debug|Any CPU.Build.0 = Debug|Any CPU
		{17BA2022-7B70-4655-9623-F2C3F0E3F342}.Release|Any CPU.ActiveCfg = Release|Any CPU
		{17BA2022-7B70-4655-9623-F2C3F0E3F342}.Release|Any CPU.Build.0 = Release|Any CPU
	EndGlobalSection
	GlobalSection(SolutionProperties) = preSolution
		HideSolutionNode = FALSE
	EndGlobalSection
	GlobalSection(ExtensibilityGlobals) = postSolution
		SolutionGuid = {A46981AA-9CF1-4942-B9AC-C89FEB82A157}
	EndGlobalSection
EndGlobal
